
Microsoft Visual Studio Solution File, Format Version 12.00
# Visual Studio Version 17
VisualStudioVersion = 17.7.34031.279
MinimumVisualStudioVersion = 10.0.40219.1
Project("{FAE04EC0-301F-11D3-BF4B-00C04F79EFBC}") = "MagazynSpozywczy", "MagazynSpozywczy\MagazynSpozywczy.csproj", "{5CF5FCA5-1718-4A1A-A9A5-AB0AF2C9C13C}"
EndProject
Global
	GlobalSection(SolutionConfigurationPlatforms) = preSolution
		Debug|Any CPU = Debug|Any CPU
		Release|Any CPU = Release|Any CPU
	EndGlobalSection
	GlobalSection(ProjectConfigurationPlatforms) = postSolution
		{5CF5FCA5-1718-4A1A-A9A5-AB0AF2C9C13C}.Debug|Any CPU.ActiveCfg = Debug|Any CPU
		{5CF5FCA5-1718-4A1A-A9A5-AB0AF2C9C13C}.Debug|Any CPU.Build.0 = Debug|Any CPU
		{5CF5FCA5-1718-4A1A-A9A5-AB0AF2C9C13C}.Release|Any CPU.ActiveCfg = Release|Any CPU
		{5CF5FCA5-1718-4A1A-A9A5-AB0AF2C9C13C}.Release|Any CPU.Build.0 = Release|Any CPU
	EndGlobalSection
	GlobalSection(SolutionProperties) = preSolution
		HideSolutionNode = FALSE
	EndGlobalSection
	GlobalSection(ExtensibilityGlobals) = postSolution
		SolutionGuid = {A8495053-90BE-49AA-B093-D89D23890508}
	EndGlobalSection
EndGlobal
